// !$*UTF8*$!
{
	archiveVersion = 1;
	classes = {
	};
	objectVersion = 50;
	objects = {

/* Begin PBXBuildFile section */
		5F02D74F22DE3E3700DBDC14 /* AppDelegate.swift in Sources */ = {isa = PBXBuildFile; fileRef = 5F02D74E22DE3E3700DBDC14 /* AppDelegate.swift */; };
		5F02D75122DE3E3700DBDC14 /* ViewController.swift in Sources */ = {isa = PBXBuildFile; fileRef = 5F02D75022DE3E3700DBDC14 /* ViewController.swift */; };
		5F02D75422DE3E3700DBDC14 /* Main.storyboard in Resources */ = {isa = PBXBuildFile; fileRef = 5F02D75222DE3E3700DBDC14 /* Main.storyboard */; };
		5F02D75622DE3E3D00DBDC14 /* Assets.xcassets in Resources */ = {isa = PBXBuildFile; fileRef = 5F02D75522DE3E3D00DBDC14 /* Assets.xcassets */; };
		5F02D75922DE3E3D00DBDC14 /* LaunchScreen.storyboard in Resources */ = {isa = PBXBuildFile; fileRef = 5F02D75722DE3E3D00DBDC14 /* LaunchScreen.storyboard */; };
/* End PBXBuildFile section */

/* Begin PBXFileReference section */
		5F02D74B22DE3E3700DBDC14 /* com.newlinecode.bubbleapp.app */ = {isa = PBXFileReference; explicitFileType = wrapper.application; includeInIndex = 0; path = com.newlinecode.bubbleapp.app; sourceTree = BUILT_PRODUCTS_DIR; };
		5F02D74E22DE3E3700DBDC14 /* AppDelegate.swift */ = {isa = PBXFileReference; lastKnownFileType = sourcecode.swift; path = AppDelegate.swift; sourceTree = "<group>"; };
		5F02D75022DE3E3700DBDC14 /* ViewController.swift */ = {isa = PBXFileReference; lastKnownFileType = sourcecode.swift; path = ViewController.swift; sourceTree = "<group>"; };
		5F02D75322DE3E3700DBDC14 /* Base */ = {isa = PBXFileReference; lastKnownFileType = file.storyboard; name = Base; path = Base.lproj/Main.storyboard; sourceTree = "<group>"; };
		5F02D75522DE3E3D00DBDC14 /* Assets.xcassets */ = {isa = PBXFileReference; lastKnownFileType = folder.assetcatalog; path = Assets.xcassets; sourceTree = "<group>"; };
		5F02D75822DE3E3D00DBDC14 /* Base */ = {isa = PBXFileReference; lastKnownFileType = file.storyboard; name = Base; path = Base.lproj/LaunchScreen.storyboard; sourceTree = "<group>"; };
		5F02D75A22DE3E3D00DBDC14 /* Info.plist */ = {isa = PBXFileReference; lastKnownFileType = text.plist.xml; path = Info.plist; sourceTree = "<group>"; };
/* End PBXFileReference section */

/* Begin PBXFrameworksBuildPhase section */
		5F02D74822DE3E3700DBDC14 /* Frameworks */ = {
			isa = PBXFrameworksBuildPhase;
			buildActionMask = 2147483647;
			files = (
			);
			runOnlyForDeploymentPostprocessing = 0;
		};
/* End PBXFrameworksBuildPhase section */

/* Begin PBXGroup section */
		5F02D74222DE3E3700DBDC14 = {
			isa = PBXGroup;
			children = (
				5F02D74D22DE3E3700DBDC14 /* com.newlinecode.bubbleapp */,
				5F02D74C22DE3E3700DBDC14 /* Products */,
			);
			sourceTree = "<group>";
		};
		5F02D74C22DE3E3700DBDC14 /* Products */ = {
			isa = PBXGroup;
			children = (
				5F02D74B22DE3E3700DBDC14 /* com.newlinecode.bubbleapp.app */,
			);
			name = Products;
			sourceTree = "<group>";
		};
		5F02D74D22DE3E3700DBDC14 /* com.newlinecode.bubbleapp */ = {
			isa = PBXGroup;
			children = (
				5F02D74E22DE3E3700DBDC14 /* AppDelegate.swift */,
				5F02D75022DE3E3700DBDC14 /* ViewController.swift */,
				5F02D75222DE3E3700DBDC14 /* Main.storyboard */,
				5F02D75522DE3E3D00DBDC14 /* Assets.xcassets */,
				5F02D75722DE3E3D00DBDC14 /* LaunchScreen.storyboard */,
				5F02D75A22DE3E3D00DBDC14 /* Info.plist */,
			);
			path = com.newlinecode.bubbleapp;
			sourceTree = "<group>";
		};
/* End PBXGroup section */

/* Begin PBXNativeTarget section */
		5F02D74A22DE3E3700DBDC14 /* com.newlinecode.bubbleapp */ = {
			isa = PBXNativeTarget;
			buildConfigurationList = 5F02D75D22DE3E3D00DBDC14 /* Build configuration list for PBXNativeTarget "com.newlinecode.bubbleapp" */;
			buildPhases = (
				5F02D74722DE3E3700DBDC14 /* Sources */,
				5F02D74822DE3E3700DBDC14 /* Frameworks */,
				5F02D74922DE3E3700DBDC14 /* Resources */,
			);
			buildRules = (
			);
			dependencies = (
			);
			name = com.newlinecode.bubbleapp;
			productName = com.newlinecode.bubbleapp;
			productReference = 5F02D74B22DE3E3700DBDC14 /* com.newlinecode.bubbleapp.app */;
			productType = "com.apple.product-type.application";
		};
/* End PBXNativeTarget section */

/* Begin PBXProject section */
		5F02D74322DE3E3700DBDC14 /* Project object */ = {
			isa = PBXProject;
			attributes = {
				LastSwiftUpdateCheck = 1020;
				LastUpgradeCheck = 1020;
				ORGANIZATIONNAME = "Eni Sinanaj";
				TargetAttributes = {
					5F02D74A22DE3E3700DBDC14 = {
						CreatedOnToolsVersion = 10.2.1;
					};
				};
			};
			buildConfigurationList = 5F02D74622DE3E3700DBDC14 /* Build configuration list for PBXProject "com.newlinecode.bubbleapp" */;
			compatibilityVersion = "Xcode 9.3";
			developmentRegion = en;
			hasScannedForEncodings = 0;
			knownRegions = (
				en,
				Base,
			);
			mainGroup = 5F02D74222DE3E3700DBDC14;
			productRefGroup = 5F02D74C22DE3E3700DBDC14 /* Products */;
			projectDirPath = "";
			projectRoot = "";
			targets = (
				5F02D74A22DE3E3700DBDC14 /* com.newlinecode.bubbleapp */,
			);
		};
/* End PBXProject section */

/* Begin PBXResourcesBuildPhase section */
		5F02D74922DE3E3700DBDC14 /* Resources */ = {
			isa = PBXResourcesBuildPhase;
			buildActionMask = 2147483647;
			files = (
				5F02D75922DE3E3D00DBDC14 /* LaunchScreen.storyboard in Resources */,
				5F02D75622DE3E3D00DBDC14 /* Assets.xcassets in Resources */,
				5F02D75422DE3E3700DBDC14 /* Main.storyboard in Resources */,
			);
			runOnlyForDeploymentPostprocessing = 0;
		};
/* End PBXResourcesBuildPhase section */

/* Begin PBXSourcesBuildPhase section */
		5F02D74722DE3E3700DBDC14 /* Sources */ = {
			isa = PBXSourcesBuildPhase;
			buildActionMask = 2147483647;
			files = (
				5F02D75122DE3E3700DBDC14 /* ViewController.swift in Sources */,
				5F02D74F22DE3E3700DBDC14 /* AppDelegate.swift in Sources */,
			);
			runOnlyForDeploymentPostprocessing = 0;
		};
/* End PBXSourcesBuildPhase section */

/* Begin PBXVariantGroup section */
		5F02D75222DE3E3700DBDC14 /* Main.storyboard */ = {
			isa = PBXVariantGroup;
			children = (
				5F02D75322DE3E3700DBDC14 /* Base */,
			);
			name = Main.storyboard;
			sourceTree = "<group>";
		};
		5F02D75722DE3E3D00DBDC14 /* LaunchScreen.storyboard */ = {
			isa = PBXVariantGroup;
			children = (
				5F02D75822DE3E3D00DBDC14 /* Base */,
			);
			name = LaunchScreen.storyboard;
			sourceTree = "<group>";
		};
/* End PBXVariantGroup section */

/* Begin XCBuildConfiguration section */
		5F02D75B22DE3E3D00DBDC14 /* Debug */ = {
			isa = XCBuildConfiguration;
			buildSettings = {
				ALWAYS_SEARCH_USER_PATHS = NO;
				CLANG_ANALYZER_NONNULL = YES;
				CLANG_ANALYZER_NUMBER_OBJECT_CONVERSION = YES_AGGRESSIVE;
				CLANG_CXX_LANGUAGE_STANDARD = "gnu++14";
				CLANG_CXX_LIBRARY = "libc++";
				CLANG_ENABLE_MODULES = YES;
				CLANG_ENABLE_OBJC_ARC = YES;
				CLANG_ENABLE_OBJC_WEAK = YES;
				CLANG_WARN_BLOCK_CAPTURE_AUTORELEASING = YES;
				CLANG_WARN_BOOL_CONVERSION = YES;
				CLANG_WARN_COMMA = YES;
				CLANG_WARN_CONSTANT_CONVERSION = YES;
				CLANG_WARN_DEPRECATED_OBJC_IMPLEMENTATIONS = YES;
				CLANG_WARN_DIRECT_OBJC_ISA_USAGE = YES_ERROR;
				CLANG_WARN_DOCUMENTATION_COMMENTS = YES;
				CLANG_WARN_EMPTY_BODY = YES;
				CLANG_WARN_ENUM_CONVERSION = YES;
				CLANG_WARN_INFINITE_RECURSION = YES;
				CLANG_WARN_INT_CONVERSION = YES;
				CLANG_WARN_NON_LITERAL_NULL_CONVERSION = YES;
				CLANG_WARN_OBJC_IMPLICIT_RETAIN_SELF = YES;
				CLANG_WARN_OBJC_LITERAL_CONVERSION = YES;
				CLANG_WARN_OBJC_ROOT_CLASS = YES_ERROR;
				CLANG_WARN_RANGE_LOOP_ANALYSIS = YES;
				CLANG_WARN_STRICT_PROTOTYPES = YES;
				CLANG_WARN_SUSPICIOUS_MOVE = YES;
				CLANG_WARN_UNGUARDED_AVAILABILITY = YES_AGGRESSIVE;
				CLANG_WARN_UNREACHABLE_CODE = YES;
				CLANG_WARN__DUPLICATE_METHOD_MATCH = YES;
				CODE_SIGN_IDENTITY = "iPhone Developer";
				COPY_PHASE_STRIP = NO;
				DEBUG_INFORMATION_FORMAT = dwarf;
				ENABLE_STRICT_OBJC_MSGSEND = YES;
				ENABLE_TESTABILITY = YES;
				GCC_C_LANGUAGE_STANDARD = gnu11;
				GCC_DYNAMIC_NO_PIC = NO;
				GCC_NO_COMMON_BLOCKS = YES;
				GCC_OPTIMIZATION_LEVEL = 0;
				GCC_PREPROCESSOR_DEFINITIONS = (
					"DEBUG=1",
					"$(inherited)",
				);
				GCC_WARN_64_TO_32_BIT_CONVERSION = YES;
				GCC_WARN_ABOUT_RETURN_TYPE = YES_ERROR;
				GCC_WARN_UNDECLARED_SELECTOR = YES;
				GCC_WARN_UNINITIALIZED_AUTOS = YES_AGGRESSIVE;
				GCC_WARN_UNUSED_FUNCTION = YES;
				GCC_WARN_UNUSED_VARIABLE = YES;
				IPHONEOS_DEPLOYMENT_TARGET = 12.2;
				MTL_ENABLE_DEBUG_INFO = INCLUDE_SOURCE;
				MTL_FAST_MATH = YES;
				ONLY_ACTIVE_ARCH = YES;
				SDKROOT = iphoneos;
				SWIFT_ACTIVE_COMPILATION_CONDITIONS = DEBUG;
				SWIFT_OPTIMIZATION_LEVEL = "-Onone";
			};
			name = Debug;
		};
		5F02D75C22DE3E3D00DBDC14 /* Release */ = {
			isa = XCBuildConfiguration;
			buildSettings = {
				ALWAYS_SEARCH_USER_PATHS = NO;
				CLANG_ANALYZER_NONNULL = YES;
				CLANG_ANALYZER_NUMBER_OBJECT_CONVERSION = YES_AGGRESSIVE;
				CLANG_CXX_LANGUAGE_STANDARD = "gnu++14";
				CLANG_CXX_LIBRARY = "libc++";
				CLANG_ENABLE_MODULES = YES;
				CLANG_ENABLE_OBJC_ARC = YES;
				CLANG_ENABLE_OBJC_WEAK = YES;
				CLANG_WARN_BLOCK_CAPTURE_AUTORELEASING = YES;
				CLANG_WARN_BOOL_CONVERSION = YES;
				CLANG_WARN_COMMA = YES;
				CLANG_WARN_CONSTANT_CONVERSION = YES;
				CLANG_WARN_DEPRECATED_OBJC_IMPLEMENTATIONS = YES;
				CLANG_WARN_DIRECT_OBJC_ISA_USAGE = YES_ERROR;
				CLANG_WARN_DOCUMENTATION_COMMENTS = YES;
				CLANG_WARN_EMPTY_BODY = YES;
				CLANG_WARN_ENUM_CONVERSION = YES;
				CLANG_WARN_INFINITE_RECURSION = YES;
				CLANG_WARN_INT_CONVERSION = YES;
				CLANG_WARN_NON_LITERAL_NULL_CONVERSION = YES;
				CLANG_WARN_OBJC_IMPLICIT_RETAIN_SELF = YES;
				CLANG_WARN_OBJC_LITERAL_CONVERSION = YES;
				CLANG_WARN_OBJC_ROOT_CLASS = YES_ERROR;
				CLANG_WARN_RANGE_LOOP_ANALYSIS = YES;
				CLANG_WARN_STRICT_PROTOTYPES = YES;
				CLANG_WARN_SUSPICIOUS_MOVE = YES;
				CLANG_WARN_UNGUARDED_AVAILABILITY = YES_AGGRESSIVE;
				CLANG_WARN_UNREACHABLE_CODE = YES;
				CLANG_WARN__DUPLICATE_METHOD_MATCH = YES;
				CODE_SIGN_IDENTITY = "iPhone Developer";
				COPY_PHASE_STRIP = NO;
				DEBUG_INFORMATION_FORMAT = "dwarf-with-dsym";
				ENABLE_NS_ASSERTIONS = NO;
				ENABLE_STRICT_OBJC_MSGSEND = YES;
				GCC_C_LANGUAGE_STANDARD = gnu11;
				GCC_NO_COMMON_BLOCKS = YES;
				GCC_WARN_64_TO_32_BIT_CONVERSION = YES;
				GCC_WARN_ABOUT_RETURN_TYPE = YES_ERROR;
				GCC_WARN_UNDECLARED_SELECTOR = YES;
				GCC_WARN_UNINITIALIZED_AUTOS = YES_AGGRESSIVE;
				GCC_WARN_UNUSED_FUNCTION = YES;
				GCC_WARN_UNUSED_VARIABLE = YES;
				IPHONEOS_DEPLOYMENT_TARGET = 12.2;
				MTL_ENABLE_DEBUG_INFO = NO;
				MTL_FAST_MATH = YES;
				SDKROOT = iphoneos;
				SWIFT_COMPILATION_MODE = wholemodule;
				SWIFT_OPTIMIZATION_LEVEL = "-O";
				VALIDATE_PRODUCT = YES;
			};
			name = Release;
		};
		5F02D75E22DE3E3D00DBDC14 /* Debug */ = {
			isa = XCBuildConfiguration;
			buildSettings = {
				ASSETCATALOG_COMPILER_APPICON_NAME = AppIcon;
				CODE_SIGN_STYLE = Automatic;
				DEVELOPMENT_TEAM = 6M95A8XHH3;
				INFOPLIST_FILE = com.newlinecode.bubbleapp/Info.plist;
				LD_RUNPATH_SEARCH_PATHS = (
					"$(inherited)",
					"@executable_path/Frameworks",
				);
				PRODUCT_BUNDLE_IDENTIFIER = "com.newlinecode.com-newlinecode-bubbleapp";
				PRODUCT_NAME = "$(TARGET_NAME)";
				SWIFT_VERSION = 5.0;
				TARGETED_DEVICE_FAMILY = "1,2";
			};
			name = Debug;
		};
		5F02D75F22DE3E3D00DBDC14 /* Release */ = {
			isa = XCBuildConfiguration;
			buildSettings = {
				ASSETCATALOG_COMPILER_APPICON_NAME = AppIcon;
				CODE_SIGN_STYLE = Automatic;
				DEVELOPMENT_TEAM = 6M95A8XHH3;
				INFOPLIST_FILE = com.newlinecode.bubbleapp/Info.plist;
				LD_RUNPATH_SEARCH_PATHS = (
					"$(inherited)",
					"@executable_path/Frameworks",
				);
				PRODUCT_BUNDLE_IDENTIFIER = "com.newlinecode.com-newlinecode-bubbleapp";
				PRODUCT_NAME = "$(TARGET_NAME)";
				SWIFT_VERSION = 5.0;
				TARGETED_DEVICE_FAMILY = "1,2";
			};
			name = Release;
		};
/* End XCBuildConfiguration section */

/* Begin XCConfigurationList section */
		5F02D74622DE3E3700DBDC14 /* Build configuration list for PBXProject "com.newlinecode.bubbleapp" */ = {
			isa = XCConfigurationList;
			buildConfigurations = (
				5F02D75B22DE3E3D00DBDC14 /* Debug */,
				5F02D75C22DE3E3D00DBDC14 /* Release */,
			);
			defaultConfigurationIsVisible = 0;
			defaultConfigurationName = Release;
		};
		5F02D75D22DE3E3D00DBDC14 /* Build configuration list for PBXNativeTarget "com.newlinecode.bubbleapp" */ = {
			isa = XCConfigurationList;
			buildConfigurations = (
				5F02D75E22DE3E3D00DBDC14 /* Debug */,
				5F02D75F22DE3E3D00DBDC14 /* Release */,
			);
			defaultConfigurationIsVisible = 0;
			defaultConfigurationName = Release;
		};
/* End XCConfigurationList section */
	};
	rootObject = 5F02D74322DE3E3700DBDC14 /* Project object */;
}
